
Microsoft Visual Studio Solution File, Format Version 12.00
# Visual Studio 15
VisualStudioVersion = 15.0.28307.1622
MinimumVisualStudioVersion = 10.0.40219.1
Project("{8BC9CEB8-8B4A-11D0-8D11-00A0C91BC942}") = "Hello World", "Hello World\Hello World.vcxproj", "{2E74FA70-C44E-4BB5-ACFA-66659318A72A}"
EndProject
Project("{8BC9CEB8-8B4A-11D0-8D11-00A0C91BC942}") = "ColorSpace", "ColorSpace\ColorSpace.vcxproj", "{AA54B8EF-F1AF-429A-B322-DD7FFF43E953}"
EndProject
Project("{8BC9CEB8-8B4A-11D0-8D11-00A0C91BC942}") = "MatControl", "MatControl\MatControl.vcxproj", "{0552AA64-1AA7-44AD-B938-6278FB520540}"
EndProject
Project("{8BC9CEB8-8B4A-11D0-8D11-00A0C91BC942}") = "ImageChange", "ImageChange\ImageChange.vcxproj", "{B52C2389-2A2F-4564-AE88-9F810BF0A704}"
EndProject
Project("{8BC9CEB8-8B4A-11D0-8D11-00A0C91BC942}") = "ImageOperate", "ImageOperate\ImageOperate.vcxproj", "{D162ECE7-ABA5-4855-BDC4-67A94E3D30D3}"
EndProject
Project("{8BC9CEB8-8B4A-11D0-8D11-00A0C91BC942}") = "TrackBar", "TrackBar\TrackBar.vcxproj", "{B875CBEF-333D-43A2-BC54-A7DA926CB9BD}"
EndProject
Project("{8BC9CEB8-8B4A-11D0-8D11-00A0C91BC942}") = "KeyboardControl", "KeyboardControl\KeyboardControl.vcxproj", "{7D193CED-1207-4488-AF99-81FECA8ED019}"
EndProject
Project("{8BC9CEB8-8B4A-11D0-8D11-00A0C91BC942}") = "ColorMapControl", "ColorMapControl\ColorMapControl.vcxproj", "{0C46F1D1-4E42-48C6-BD28-AF2B4B630C3C}"
EndProject
Project("{8BC9CEB8-8B4A-11D0-8D11-00A0C91BC942}") = "Bitwise", "Bitwise\Bitwise.vcxproj", "{955F164A-4DDD-40BB-8149-ACCA79AFF184}"
EndProject
Project("{8BC9CEB8-8B4A-11D0-8D11-00A0C91BC942}") = "ChannelsControl", "ChannelsControl\ChannelsControl.vcxproj", "{A60CF30B-EC9D-4AD2-B13B-97FD938C2E9A}"
EndProject
Global
	GlobalSection(SolutionConfigurationPlatforms) = preSolution
		Debug|x64 = Debug|x64
		Debug|x86 = Debug|x86
		Release|x64 = Release|x64
		Release|x86 = Release|x86
	EndGlobalSection
	GlobalSection(ProjectConfigurationPlatforms) = postSolution
		{2E74FA70-C44E-4BB5-ACFA-66659318A72A}.Debug|x64.ActiveCfg = Debug|x64
		{2E74FA70-C44E-4BB5-ACFA-66659318A72A}.Debug|x64.Build.0 = Debug|x64
		{2E74FA70-C44E-4BB5-ACFA-66659318A72A}.Debug|x86.ActiveCfg = Debug|Win32
		{2E74FA70-C44E-4BB5-ACFA-66659318A72A}.Debug|x86.Build.0 = Debug|Win32
		{2E74FA70-C44E-4BB5-ACFA-66659318A72A}.Release|x64.ActiveCfg = Release|x64
		{2E74FA70-C44E-4BB5-ACFA-66659318A72A}.Release|x64.Build.0 = Release|x64
		{2E74FA70-C44E-4BB5-ACFA-66659318A72A}.Release|x86.ActiveCfg = Release|Win32
		{2E74FA70-C44E-4BB5-ACFA-66659318A72A}.Release|x86.Build.0 = Release|Win32
		{AA54B8EF-F1AF-429A-B322-DD7FFF43E953}.Debug|x64.ActiveCfg = Debug|x64
		{AA54B8EF-F1AF-429A-B322-DD7FFF43E953}.Debug|x64.Build.0 = Debug|x64
		{AA54B8EF-F1AF-429A-B322-DD7FFF43E953}.Debug|x86.ActiveCfg = Debug|Win32
		{AA54B8EF-F1AF-429A-B322-DD7FFF43E953}.Debug|x86.Build.0 = Debug|Win32
		{AA54B8EF-F1AF-429A-B322-DD7FFF43E953}.Release|x64.ActiveCfg = Release|x64
		{AA54B8EF-F1AF-429A-B322-DD7FFF43E953}.Release|x64.Build.0 = Release|x64
		{AA54B8EF-F1AF-429A-B322-DD7FFF43E953}.Release|x86.ActiveCfg = Release|Win32
		{AA54B8EF-F1AF-429A-B322-DD7FFF43E953}.Release|x86.Build.0 = Release|Win32
		{0552AA64-1AA7-44AD-B938-6278FB520540}.Debug|x64.ActiveCfg = Debug|x64
		{0552AA64-1AA7-44AD-B938-6278FB520540}.Debug|x64.Build.0 = Debug|x64
		{0552AA64-1AA7-44AD-B938-6278FB520540}.Debug|x86.ActiveCfg = Debug|Win32
		{0552AA64-1AA7-44AD-B938-6278FB520540}.Debug|x86.Build.0 = Debug|Win32
		{0552AA64-1AA7-44AD-B938-6278FB520540}.Release|x64.ActiveCfg = Release|x64
		{0552AA64-1AA7-44AD-B938-6278FB520540}.Release|x64.Build.0 = Release|x64
		{0552AA64-1AA7-44AD-B938-6278FB520540}.Release|x86.ActiveCfg = Release|Win32
		{0552AA64-1AA7-44AD-B938-6278FB520540}.Release|x86.Build.0 = Release|Win32
		{B52C2389-2A2F-4564-AE88-9F810BF0A704}.Debug|x64.ActiveCfg = Debug|x64
		{B52C2389-2A2F-4564-AE88-9F810BF0A704}.Debug|x64.Build.0 = Debug|x64
		{B52C2389-2A2F-4564-AE88-9F810BF0A704}.Debug|x86.ActiveCfg = Debug|Win32
		{B52C2389-2A2F-4564-AE88-9F810BF0A704}.Debug|x86.Build.0 = Debug|Win32
		{B52C2389-2A2F-4564-AE88-9F810BF0A704}.Release|x64.ActiveCfg = Release|x64
		{B52C2389-2A2F-4564-AE88-9F810BF0A704}.Release|x64.Build.0 = Release|x64
		{B52C2389-2A2F-4564-AE88-9F810BF0A704}.Release|x86.ActiveCfg = Release|Win32
		{B52C2389-2A2F-4564-AE88-9F810BF0A704}.Release|x86.Build.0 = Release|Win32
		{D162ECE7-ABA5-4855-BDC4-67A94E3D30D3}.Debug|x64.ActiveCfg = Debug|x64
		{D162ECE7-ABA5-4855-BDC4-67A94E3D30D3}.Debug|x64.Build.0 = Debug|x64
		{D162ECE7-ABA5-4855-BDC4-67A94E3D30D3}.Debug|x86.ActiveCfg = Debug|Win32
		{D162ECE7-ABA5-4855-BDC4-67A94E3D30D3}.Debug|x86.Build.0 = Debug|Win32
		{D162ECE7-ABA5-4855-BDC4-67A94E3D30D3}.Release|x64.ActiveCfg = Release|x64
		{D162ECE7-ABA5-4855-BDC4-67A94E3D30D3}.Release|x64.Build.0 = Release|x64
		{D162ECE7-ABA5-4855-BDC4-67A94E3D30D3}.Release|x86.ActiveCfg = Release|Win32
		{D162ECE7-ABA5-4855-BDC4-67A94E3D30D3}.Release|x86.Build.0 = Release|Win32
		{B875CBEF-333D-43A2-BC54-A7DA926CB9BD}.Debug|x64.ActiveCfg = Debug|x64
		{B875CBEF-333D-43A2-BC54-A7DA926CB9BD}.Debug|x64.Build.0 = Debug|x64
		{B875CBEF-333D-43A2-BC54-A7DA926CB9BD}.Debug|x86.ActiveCfg = Debug|Win32
		{B875CBEF-333D-43A2-BC54-A7DA926CB9BD}.Debug|x86.Build.0 = Debug|Win32
		{B875CBEF-333D-43A2-BC54-A7DA926CB9BD}.Release|x64.ActiveCfg = Release|x64
		{B875CBEF-333D-43A2-BC54-A7DA926CB9BD}.Release|x64.Build.0 = Release|x64
		{B875CBEF-333D-43A2-BC54-A7DA926CB9BD}.Release|x86.ActiveCfg = Release|Win32
		{B875CBEF-333D-43A2-BC54-A7DA926CB9BD}.Release|x86.Build.0 = Release|Win32
		{7D193CED-1207-4488-AF99-81FECA8ED019}.Debug|x64.ActiveCfg = Debug|x64
		{7D193CED-1207-4488-AF99-81FECA8ED019}.Debug|x64.Build.0 = Debug|x64
		{7D193CED-1207-4488-AF99-81FECA8ED019}.Debug|x86.ActiveCfg = Debug|Win32
		{7D193CED-1207-4488-AF99-81FECA8ED019}.Debug|x86.Build.0 = Debug|Win32
		{7D193CED-1207-4488-AF99-81FECA8ED019}.Release|x64.ActiveCfg = Release|x64
		{7D193CED-1207-4488-AF99-81FECA8ED019}.Release|x64.Build.0 = Release|x64
		{7D193CED-1207-4488-AF99-81FECA8ED019}.Release|x86.ActiveCfg = Release|Win32
		{7D193CED-1207-4488-AF99-81FECA8ED019}.Release|x86.Build.0 = Release|Win32
		{0C46F1D1-4E42-48C6-BD28-AF2B4B630C3C}.Debug|x64.ActiveCfg = Debug|x64
		{0C46F1D1-4E42-48C6-BD28-AF2B4B630C3C}.Debug|x64.Build.0 = Debug|x64
		{0C46F1D1-4E42-48C6-BD28-AF2B4B630C3C}.Debug|x86.ActiveCfg = Debug|Win32
		{0C46F1D1-4E42-48C6-BD28-AF2B4B630C3C}.Debug|x86.Build.0 = Debug|Win32
		{0C46F1D1-4E42-48C6-BD28-AF2B4B630C3C}.Release|x64.ActiveCfg = Release|x64
		{0C46F1D1-4E42-48C6-BD28-AF2B4B630C3C}.Release|x64.Build.0 = Release|x64
		{0C46F1D1-4E42-48C6-BD28-AF2B4B630C3C}.Release|x86.ActiveCfg = Release|Win32
		{0C46F1D1-4E42-48C6-BD28-AF2B4B630C3C}.Release|x86.Build.0 = Release|Win32
		{955F164A-4DDD-40BB-8149-ACCA79AFF184}.Debug|x64.ActiveCfg = Debug|x64
		{955F164A-4DDD-40BB-8149-ACCA79AFF184}.Debug|x64.Build.0 = Debug|x64
		{955F164A-4DDD-40BB-8149-ACCA79AFF184}.Debug|x86.ActiveCfg = Debug|Win32
		{955F164A-4DDD-40BB-8149-ACCA79AFF184}.Debug|x86.Build.0 = Debug|Win32
		{955F164A-4DDD-40BB-8149-ACCA79AFF184}.Release|x64.ActiveCfg = Release|x64
		{955F164A-4DDD-40BB-8149-ACCA79AFF184}.Release|x64.Build.0 = Release|x64
		{955F164A-4DDD-40BB-8149-ACCA79AFF184}.Release|x86.ActiveCfg = Release|Win32
		{955F164A-4DDD-40BB-8149-ACCA79AFF184}.Release|x86.Build.0 = Release|Win32
		{A60CF30B-EC9D-4AD2-B13B-97FD938C2E9A}.Debug|x64.ActiveCfg = Debug|x64
		{A60CF30B-EC9D-4AD2-B13B-97FD938C2E9A}.Debug|x64.Build.0 = Debug|x64
		{A60CF30B-EC9D-4AD2-B13B-97FD938C2E9A}.Debug|x86.ActiveCfg = Debug|Win32
		{A60CF30B-EC9D-4AD2-B13B-97FD938C2E9A}.Debug|x86.Build.0 = Debug|Win32
		{A60CF30B-EC9D-4AD2-B13B-97FD938C2E9A}.Release|x64.ActiveCfg = Release|x64
		{A60CF30B-EC9D-4AD2-B13B-97FD938C2E9A}.Release|x64.Build.0 = Release|x64
		{A60CF30B-EC9D-4AD2-B13B-97FD938C2E9A}.Release|x86.ActiveCfg = Release|Win32
		{A60CF30B-EC9D-4AD2-B13B-97FD938C2E9A}.Release|x86.Build.0 = Release|Win32
	EndGlobalSection
	GlobalSection(SolutionProperties) = preSolution
		HideSolutionNode = FALSE
	EndGlobalSection
	GlobalSection(ExtensibilityGlobals) = postSolution
		SolutionGuid = {B0A91E7C-3E62-4EF8-9CAB-F05F59929AB5}
	EndGlobalSection
EndGlobal
